uuid: 567412c2-dae4-4580-b1ea-cf5fdbee9051
langcode: en
status: true
dependencies:
  module:
    - block_class
    - hs_blocks
  theme:
    - humsci_traditional
id: humsci_traditional_socialmediablock
theme: humsci_traditional
region: footer
weight: -7
provider: null
plugin: hs_blocks_social_media_block
settings:
  id: hs_blocks_social_media_block
  label: 'Connect With Us'
  label_display: visible
  provider: hs_blocks
  icon_size: small
  layout: grid
  links:
    -
      link_url: 'https://instagram.com/#'
      link_title: Instagram
      _weight: '0'
    -
      link_url: 'https://facebook.com/#'
      link_title: Facebook
      _weight: '1'
    -
      link_url: 'https://youtube.com/#'
      link_title: Youtube
      _weight: '2'
    -
      link_url: 'https://x.com/#'
      link_title: X
      _weight: '3'
  placed_block_id: humsci_traditional_socialmediablock
visibility: {  }
