uuid: 2f7f0d52-c463-411d-a2e2-656d185acd4d
langcode: en
status: true
dependencies:
  module:
    - stanford_samlauth
  theme:
    - humsci_traditional
id: humsci_traditional_samlsunetidlogoutblock
theme: humsci_traditional
region: footer
weight: -3
provider: null
plugin: stanford_samlauth_logout_block
settings:
  id: stanford_samlauth_logout_block
  label: 'SAML SUNetID Logout Block'
  label_display: '0'
  provider: stanford_samlauth
  link_text: 'SUNetID Logout'
visibility: {  }
