uuid: a66d0008-ca9a-4026-bfdd-43fa1a3fffe6
langcode: en
status: true
dependencies:
  module:
    - stanford_samlauth
active_version: 4482b5ff6c1ed0e5
versioned_properties:
  active:
    settings:
      default_settings:
        id: stanford_samlauth_logout_block
        label: 'SAML SUNetID Logout Block'
        label_display: '0'
        provider: stanford_samlauth
        link_text: 'SUNetID Logout'
    fallback_metadata:
      slot_definitions: null
label: 'SAML SUNetID Logout Block'
id: block.stanford_samlauth_logout_block
provider: stanford_samlauth
source: block
source_local_id: stanford_samlauth_logout_block
