uuid: f29b1d25-8748-4b03-a327-8edd8988b03d
langcode: en
status: false
dependencies:
  config:
    - views.view.who_s_online
  module:
    - views
active_version: ce8c4b99da21591f
versioned_properties:
  active:
    settings:
      default_settings:
        id: 'views_block:who_s_online-who_s_online_block'
        label: "Who's online"
        label_display: '0'
        provider: views
        views_label: ''
        items_per_page: null
        exposed: {  }
    fallback_metadata:
      slot_definitions: null
label: "Who's online"
id: block.views_block.who_s_online-who_s_online_block
provider: views
source: block
source_local_id: 'views_block:who_s_online-who_s_online_block'
