uuid: 4c5a108c-1059-4b14-ac23-4407e7477b2e
langcode: en
status: false
dependencies:
  module:
    - help
active_version: 620979b5a309a407
versioned_properties:
  active:
    settings:
      default_settings:
        id: help_block
        label: Help
        label_display: '0'
        provider: help
    fallback_metadata:
      slot_definitions: null
label: Help
id: block.help_block
provider: help
source: block
source_local_id: help_block
