uuid: 9c0ca7a1-913a-4ff0-89e9-6dff6f8717d5
langcode: en
status: true
dependencies:
  module:
    - system
active_version: 3332388cade78d20
versioned_properties:
  active:
    settings:
      default_settings:
        id: system_powered_by_block
        label: 'Powered by Drupal'
        label_display: '0'
        provider: system
    fallback_metadata:
      slot_definitions: null
label: 'Powered by Drupal'
id: block.system_powered_by_block
provider: system
source: block
source_local_id: system_powered_by_block
