uuid: 7d037d87-73dc-4a6e-8f40-125dec3e125c
langcode: en
status: false
dependencies:
  config:
    - views.view.taxonomy_term
  module:
    - views
active_version: a8e3a42d251af6de
versioned_properties:
  active:
    settings:
      default_settings:
        id: 'views_block:taxonomy_term-feed_block'
        label: 'Taxonomy term: Feed Block'
        label_display: '0'
        provider: views
        views_label: ''
        items_per_page: null
        exposed: {  }
    fallback_metadata:
      slot_definitions: null
label: 'Taxonomy term: Feed Block'
id: block.views_block.taxonomy_term-feed_block
provider: views
source: block
source_local_id: 'views_block:taxonomy_term-feed_block'
