uuid: 4c450472-c92b-4256-afc3-bbc1a0f63a11
langcode: en
status: true
dependencies:
  module:
    - hs_blocks
active_version: e11a6f60f3dc0ee6
versioned_properties:
  active:
    settings:
      default_settings:
        id: hs_login_block
        label: 'HS Login Block'
        label_display: '0'
        provider: hs_blocks
        link_text: Login
        preface:
          value: ''
          format: minimal_html
    fallback_metadata:
      slot_definitions: null
label: 'HS Login Block'
id: block.hs_login_block
provider: hs_blocks
source: block
source_local_id: hs_login_block
