uuid: 1de43b4b-3252-4483-b926-4a2033bcf9b0
langcode: en
status: true
dependencies:
  module:
    - hs_dashboard
active_version: 14747949dbf15506
versioned_properties:
  active:
    settings:
      default_settings:
        id: hs_theme_info_block
        label: 'Theme and Color Palette'
        label_display: '0'
        provider: hs_dashboard
    fallback_metadata:
      slot_definitions: null
label: 'Theme and Color Palette'
id: block.hs_theme_info_block
provider: hs_dashboard
source: block
source_local_id: hs_theme_info_block
