uuid: 22e93168-cdee-43d7-b347-4eb7d81a3047
langcode: en
status: true
dependencies:
  module:
    - hs_dashboard
active_version: 51f4deffaaf7381a
versioned_properties:
  active:
    settings:
      default_settings:
        id: hs_university_policies_block
        label: 'University Policies'
        label_display: '0'
        provider: hs_dashboard
    fallback_metadata:
      slot_definitions: null
label: 'University Policies'
id: block.hs_university_policies_block
provider: hs_dashboard
source: block
source_local_id: hs_university_policies_block
