uuid: e6497516-7284-4551-bd97-b87e7f5de851
langcode: en
status: true
dependencies:
  module:
    - stanford_samlauth
active_version: 8f42d3f678d8671f
versioned_properties:
  active:
    settings:
      default_settings:
        id: stanford_samlauth_login_block
        label: 'SAML SUNetID Login Block'
        label_display: '0'
        provider: stanford_samlauth
        link_text: 'SUNetID Login'
    fallback_metadata:
      slot_definitions: null
label: 'SAML SUNetID Login Block'
id: block.stanford_samlauth_login_block
provider: stanford_samlauth
source: block
source_local_id: stanford_samlauth_login_block
