uuid: c248f181-0be0-4145-9bff-1f83ecea91fc
langcode: en
status: true
dependencies:
  module:
    - hs_blocks
active_version: c471c34b9cd50b73
versioned_properties:
  active:
    settings:
      default_settings:
        id: hs_blocks_back_to_top_block
        label: 'Back To Top Block'
        label_display: '0'
        provider: hs_blocks
    fallback_metadata:
      slot_definitions: null
label: 'Back To Top Block'
id: block.hs_blocks_back_to_top_block
provider: hs_blocks
source: block
source_local_id: hs_blocks_back_to_top_block
