uuid: 319be622-abd9-4c9f-84fb-57cb31e43f32
langcode: en
status: true
dependencies:
  module:
    - autologout
active_version: f1f5a71413873e1d
versioned_properties:
  active:
    settings:
      default_settings:
        id: autologout_warning_block
        label: 'Automated logout info'
        label_display: '0'
        provider: autologout
    fallback_metadata:
      slot_definitions: null
label: 'Automated logout info'
id: block.autologout_warning_block
provider: autologout
source: block
source_local_id: autologout_warning_block
