uuid: 309efe80-1268-4630-989d-9b17a88dd3bc
langcode: en
status: false
dependencies: {  }
active_version: 5400750e38fff980
versioned_properties:
  active:
    settings:
      default_settings:
        id: local_actions_block
        label: 'Primary admin actions'
        label_display: '0'
        provider: core
    fallback_metadata:
      slot_definitions: null
label: 'Primary admin actions'
id: block.local_actions_block
provider: core
source: block
source_local_id: local_actions_block
