langcode: en
status: true
dependencies:
  module:
    - block_field
    - field_permissions
    - node
third_party_settings:
  field_permissions:
    permission_type: custom
id: node.field_s_mrc_page_sidebar_block
field_name: field_s_mrc_page_sidebar_block
entity_type: node
type: block_field
settings: {  }
module: block_field
locked: false
cardinality: -1
translatable: true
indexes: {  }
persist_with_no_fields: false
custom_storage: false
