langcode: en
status: true
dependencies:
  config:
    - field.storage.node.field_s_mrc_page_sidebar_block
    - node.type.stanford_basic_page
  module:
    - block_field
id: node.stanford_basic_page.field_s_mrc_page_sidebar_block
field_name: field_s_mrc_page_sidebar_block
entity_type: node
bundle: stanford_basic_page
label: 'Sidebar Block'
description: ''
required: false
translatable: false
default_value: {  }
default_value_callback: ''
settings:
  plugin_ids: {  }
field_type: block_field
